
Microsoft Visual Studio Solution File, Format Version 12.00
# Visual Studio Version 17
VisualStudioVersion = 17.13.35913.81 d17.13
MinimumVisualStudioVersion = 10.0.40219.1
Project("{FAE04EC0-301F-11D3-BF4B-00C04F79EFBC}") = "IssueTrackerLite", "IssueTrackerLite\IssueTrackerLite.csproj", "{292DB65A-8968-4D93-B38D-B4C7797AF4B0}"
EndProject
Global
	GlobalSection(SolutionConfigurationPlatforms) = preSolution
		Debug|Any CPU = Debug|Any CPU
		Release|Any CPU = Release|Any CPU
	EndGlobalSection
	GlobalSection(ProjectConfigurationPlatforms) = postSolution
		{292DB65A-8968-4D93-B38D-B4C7797AF4B0}.Debug|Any CPU.ActiveCfg = Debug|Any CPU
		{292DB65A-8968-4D93-B38D-B4C7797AF4B0}.Debug|Any CPU.Build.0 = Debug|Any CPU
		{292DB65A-8968-4D93-B38D-B4C7797AF4B0}.Release|Any CPU.ActiveCfg = Release|Any CPU
		{292DB65A-8968-4D93-B38D-B4C7797AF4B0}.Release|Any CPU.Build.0 = Release|Any CPU
	EndGlobalSection
	GlobalSection(SolutionProperties) = preSolution
		HideSolutionNode = FALSE
	EndGlobalSection
	GlobalSection(ExtensibilityGlobals) = postSolution
		SolutionGuid = {89B46DC5-BD44-4318-94C4-0E875C63E7A0}
	EndGlobalSection
EndGlobal
